// !$*UTF8*$!
{
	archiveVersion = 1;
	classes = {
	};
	objectVersion = 50;
	objects = {

/* Begin PBXBuildFile section */
		5455207621F4978900D12D95 /* AppDelegate.swift in Sources */ = {isa = PBXBuildFile; fileRef = 5455207521F4978900D12D95 /* AppDelegate.swift */; };
		5455207821F4978900D12D95 /* ViewController.swift in Sources */ = {isa = PBXBuildFile; fileRef = 5455207721F4978900D12D95 /* ViewController.swift */; };
		5455207B21F4978900D12D95 /* Main.storyboard in Resources */ = {isa = PBXBuildFile; fileRef = 5455207921F4978900D12D95 /* Main.storyboard */; };
		5455207D21F4978A00D12D95 /* Assets.xcassets in Resources */ = {isa = PBXBuildFile; fileRef = 5455207C21F4978A00D12D95 /* Assets.xcassets */; };
		5455208021F4978A00D12D95 /* LaunchScreen.storyboard in Resources */ = {isa = PBXBuildFile; fileRef = 5455207E21F4978A00D12D95 /* LaunchScreen.storyboard */; };
		549F08BB21F4983500EE4073 /* ios_framework_package.framework in Frameworks */ = {isa = PBXBuildFile; fileRef = 5455208F21F4981E00D12D95 /* ios_framework_package.framework */; };
/* End PBXBuildFile section */

/* Begin PBXContainerItemProxy section */
		5455208E21F4981E00D12D95 /* PBXContainerItemProxy */ = {
			isa = PBXContainerItemProxy;
			containerPortal = 5455208721F4981E00D12D95 /* ios-framework-package.xcodeproj */;
			proxyType = 2;
			remoteGlobalIDString = "ios-framework-package::ios-framework-package::Product";
			remoteInfo = "ios-framework-package";
		};
		5455209021F4981E00D12D95 /* PBXContainerItemProxy */ = {
			isa = PBXContainerItemProxy;
			containerPortal = 5455208721F4981E00D12D95 /* ios-framework-package.xcodeproj */;
			proxyType = 2;
			remoteGlobalIDString = "ios-framework-package::ios-framework-packageTests::Product";
			remoteInfo = "ios-framework-packageTests";
		};
/* End PBXContainerItemProxy section */

/* Begin PBXFileReference section */
		5455207221F4978900D12D95 /* ExampleApplication.app */ = {isa = PBXFileReference; explicitFileType = wrapper.application; includeInIndex = 0; path = ExampleApplication.app; sourceTree = BUILT_PRODUCTS_DIR; };
		5455207521F4978900D12D95 /* AppDelegate.swift */ = {isa = PBXFileReference; lastKnownFileType = sourcecode.swift; path = AppDelegate.swift; sourceTree = "<group>"; };
		5455207721F4978900D12D95 /* ViewController.swift */ = {isa = PBXFileReference; lastKnownFileType = sourcecode.swift; path = ViewController.swift; sourceTree = "<group>"; };
		5455207A21F4978900D12D95 /* Base */ = {isa = PBXFileReference; lastKnownFileType = file.storyboard; name = Base; path = Base.lproj/Main.storyboard; sourceTree = "<group>"; };
		5455207C21F4978A00D12D95 /* Assets.xcassets */ = {isa = PBXFileReference; lastKnownFileType = folder.assetcatalog; path = Assets.xcassets; sourceTree = "<group>"; };
		5455207F21F4978A00D12D95 /* Base */ = {isa = PBXFileReference; lastKnownFileType = file.storyboard; name = Base; path = Base.lproj/LaunchScreen.storyboard; sourceTree = "<group>"; };
		5455208121F4978A00D12D95 /* Info.plist */ = {isa = PBXFileReference; lastKnownFileType = text.plist.xml; path = Info.plist; sourceTree = "<group>"; };
		5455208721F4981E00D12D95 /* ios-framework-package.xcodeproj */ = {isa = PBXFileReference; lastKnownFileType = "wrapper.pb-project"; name = "ios-framework-package.xcodeproj"; path = "../ios-framework-package/ios-framework-package.xcodeproj"; sourceTree = "<group>"; };
/* End PBXFileReference section */

/* Begin PBXFrameworksBuildPhase section */
		5455206F21F4978900D12D95 /* Frameworks */ = {
			isa = PBXFrameworksBuildPhase;
			buildActionMask = 2147483647;
			files = (
				549F08BB21F4983500EE4073 /* ios_framework_package.framework in Frameworks */,
			);
			runOnlyForDeploymentPostprocessing = 0;
		};
/* End PBXFrameworksBuildPhase section */

/* Begin PBXGroup section */
		5455206921F4978900D12D95 = {
			isa = PBXGroup;
			children = (
				5455208721F4981E00D12D95 /* ios-framework-package.xcodeproj */,
				5455207421F4978900D12D95 /* ExampleApplication */,
				5455207321F4978900D12D95 /* Products */,
				549F08B621F4983500EE4073 /* Frameworks */,
			);
			sourceTree = "<group>";
		};
		5455207321F4978900D12D95 /* Products */ = {
			isa = PBXGroup;
			children = (
				5455207221F4978900D12D95 /* ExampleApplication.app */,
			);
			name = Products;
			sourceTree = "<group>";
		};
		5455207421F4978900D12D95 /* ExampleApplication */ = {
			isa = PBXGroup;
			children = (
				5455207521F4978900D12D95 /* AppDelegate.swift */,
				5455207721F4978900D12D95 /* ViewController.swift */,
				5455207921F4978900D12D95 /* Main.storyboard */,
				5455207C21F4978A00D12D95 /* Assets.xcassets */,
				5455207E21F4978A00D12D95 /* LaunchScreen.storyboard */,
				5455208121F4978A00D12D95 /* Info.plist */,
			);
			path = ExampleApplication;
			sourceTree = "<group>";
		};
		5455208821F4981E00D12D95 /* Products */ = {
			isa = PBXGroup;
			children = (
				5455208F21F4981E00D12D95 /* ios_framework_package.framework */,
				5455209121F4981E00D12D95 /* ios_framework_packageTests.xctest */,
			);
			name = Products;
			sourceTree = "<group>";
		};
		549F08B621F4983500EE4073 /* Frameworks */ = {
			isa = PBXGroup;
			children = (
			);
			name = Frameworks;
			sourceTree = "<group>";
		};
/* End PBXGroup section */

/* Begin PBXNativeTarget section */
		5455207121F4978900D12D95 /* ExampleApplication */ = {
			isa = PBXNativeTarget;
			buildConfigurationList = 5455208421F4978A00D12D95 /* Build configuration list for PBXNativeTarget "ExampleApplication" */;
			buildPhases = (
				5455206E21F4978900D12D95 /* Sources */,
				5455206F21F4978900D12D95 /* Frameworks */,
				5455207021F4978900D12D95 /* Resources */,
			);
			buildRules = (
			);
			dependencies = (
			);
			name = ExampleApplication;
			productName = ExampleApplication;
			productReference = 5455207221F4978900D12D95 /* ExampleApplication.app */;
			productType = "com.apple.product-type.application";
		};
/* End PBXNativeTarget section */

/* Begin PBXProject section */
		5455206A21F4978900D12D95 /* Project object */ = {
			isa = PBXProject;
			attributes = {
				LastSwiftUpdateCheck = 1010;
				LastUpgradeCheck = 1010;
				ORGANIZATIONNAME = "Artem Loenko";
				TargetAttributes = {
					5455207121F4978900D12D95 = {
						CreatedOnToolsVersion = 10.1;
					};
				};
			};
			buildConfigurationList = 5455206D21F4978900D12D95 /* Build configuration list for PBXProject "ExampleApplication" */;
			compatibilityVersion = "Xcode 9.3";
			developmentRegion = en;
			hasScannedForEncodings = 0;
			knownRegions = (
				en,
				Base,
			);
			mainGroup = 5455206921F4978900D12D95;
			productRefGroup = 5455207321F4978900D12D95 /* Products */;
			projectDirPath = "";
			projectReferences = (
				{
					ProductGroup = 5455208821F4981E00D12D95 /* Products */;
					ProjectRef = 5455208721F4981E00D12D95 /* ios-framework-package.xcodeproj */;
				},
			);
			projectRoot = "";
			targets = (
				5455207121F4978900D12D95 /* ExampleApplication */,
			);
		};
/* End PBXProject section */

/* Begin PBXReferenceProxy section */
		5455208F21F4981E00D12D95 /* ios_framework_package.framework */ = {
			isa = PBXReferenceProxy;
			fileType = wrapper.framework;
			path = ios_framework_package.framework;
			remoteRef = 5455208E21F4981E00D12D95 /* PBXContainerItemProxy */;
			sourceTree = BUILT_PRODUCTS_DIR;
		};
		5455209121F4981E00D12D95 /* ios_framework_packageTests.xctest */ = {
			isa = PBXReferenceProxy;
			fileType = file;
			name = ios_framework_packageTests.xctest;
			path = "ios-framework-packageTests.xctest";
			remoteRef = 5455209021F4981E00D12D95 /* PBXContainerItemProxy */;
			sourceTree = BUILT_PRODUCTS_DIR;
		};
/* End PBXReferenceProxy section */

/* Begin PBXResourcesBuildPhase section */
		5455207021F4978900D12D95 /* Resources */ = {
			isa = PBXResourcesBuildPhase;
			buildActionMask = 2147483647;
			files = (
				5455208021F4978A00D12D95 /* LaunchScreen.storyboard in Resources */,
				5455207D21F4978A00D12D95 /* Assets.xcassets in Resources */,
				5455207B21F4978900D12D95 /* Main.storyboard in Resources */,
			);
			runOnlyForDeploymentPostprocessing = 0;
		};
/* End PBXResourcesBuildPhase section */

/* Begin PBXSourcesBuildPhase section */
		5455206E21F4978900D12D95 /* Sources */ = {
			isa = PBXSourcesBuildPhase;
			buildActionMask = 2147483647;
			files = (
				5455207821F4978900D12D95 /* ViewController.swift in Sources */,
				5455207621F4978900D12D95 /* AppDelegate.swift in Sources */,
			);
			runOnlyForDeploymentPostprocessing = 0;
		};
/* End PBXSourcesBuildPhase section */

/* Begin PBXVariantGroup section */
		5455207921F4978900D12D95 /* Main.storyboard */ = {
			isa = PBXVariantGroup;
			children = (
				5455207A21F4978900D12D95 /* Base */,
			);
			name = Main.storyboard;
			sourceTree = "<group>";
		};
		5455207E21F4978A00D12D95 /* LaunchScreen.storyboard */ = {
			isa = PBXVariantGroup;
			children = (
				5455207F21F4978A00D12D95 /* Base */,
			);
			name = LaunchScreen.storyboard;
			sourceTree = "<group>";
		};
/* End PBXVariantGroup section */

/* Begin XCBuildConfiguration section */
		5455208221F4978A00D12D95 /* Debug */ = {
			isa = XCBuildConfiguration;
			buildSettings = {
				ALWAYS_SEARCH_USER_PATHS = NO;
				CLANG_ANALYZER_NONNULL = YES;
				CLANG_ANALYZER_NUMBER_OBJECT_CONVERSION = YES_AGGRESSIVE;
				CLANG_CXX_LANGUAGE_STANDARD = "gnu++14";
				CLANG_CXX_LIBRARY = "libc++";
				CLANG_ENABLE_MODULES = YES;
				CLANG_ENABLE_OBJC_ARC = YES;
				CLANG_ENABLE_OBJC_WEAK = YES;
				CLANG_WARN_BLOCK_CAPTURE_AUTORELEASING = YES;
				CLANG_WARN_BOOL_CONVERSION = YES;
				CLANG_WARN_COMMA = YES;
				CLANG_WARN_CONSTANT_CONVERSION = YES;
				CLANG_WARN_DEPRECATED_OBJC_IMPLEMENTATIONS = YES;
				CLANG_WARN_DIRECT_OBJC_ISA_USAGE = YES_ERROR;
				CLANG_WARN_DOCUMENTATION_COMMENTS = YES;
				CLANG_WARN_EMPTY_BODY = YES;
				CLANG_WARN_ENUM_CONVERSION = YES;
				CLANG_WARN_INFINITE_RECURSION = YES;
				CLANG_WARN_INT_CONVERSION = YES;
				CLANG_WARN_NON_LITERAL_NULL_CONVERSION = YES;
				CLANG_WARN_OBJC_IMPLICIT_RETAIN_SELF = YES;
				CLANG_WARN_OBJC_LITERAL_CONVERSION = YES;
				CLANG_WARN_OBJC_ROOT_CLASS = YES_ERROR;
				CLANG_WARN_RANGE_LOOP_ANALYSIS = YES;
				CLANG_WARN_STRICT_PROTOTYPES = YES;
				CLANG_WARN_SUSPICIOUS_MOVE = YES;
				CLANG_WARN_UNGUARDED_AVAILABILITY = YES_AGGRESSIVE;
				CLANG_WARN_UNREACHABLE_CODE = YES;
				CLANG_WARN__DUPLICATE_METHOD_MATCH = YES;
				CODE_SIGN_IDENTITY = "iPhone Developer";
				COPY_PHASE_STRIP = NO;
				DEBUG_INFORMATION_FORMAT = dwarf;
				ENABLE_STRICT_OBJC_MSGSEND = YES;
				ENABLE_TESTABILITY = YES;
				GCC_C_LANGUAGE_STANDARD = gnu11;
				GCC_DYNAMIC_NO_PIC = NO;
				GCC_NO_COMMON_BLOCKS = YES;
				GCC_OPTIMIZATION_LEVEL = 0;
				GCC_PREPROCESSOR_DEFINITIONS = (
					"DEBUG=1",
					"$(inherited)",
				);
				GCC_WARN_64_TO_32_BIT_CONVERSION = YES;
				GCC_WARN_ABOUT_RETURN_TYPE = YES_ERROR;
				GCC_WARN_UNDECLARED_SELECTOR = YES;
				GCC_WARN_UNINITIALIZED_AUTOS = YES_AGGRESSIVE;
				GCC_WARN_UNUSED_FUNCTION = YES;
				GCC_WARN_UNUSED_VARIABLE = YES;
				IPHONEOS_DEPLOYMENT_TARGET = 12.1;
				MTL_ENABLE_DEBUG_INFO = INCLUDE_SOURCE;
				MTL_FAST_MATH = YES;
				ONLY_ACTIVE_ARCH = YES;
				SDKROOT = iphoneos;
				SWIFT_ACTIVE_COMPILATION_CONDITIONS = DEBUG;
				SWIFT_OPTIMIZATION_LEVEL = "-Onone";
			};
			name = Debug;
		};
		5455208321F4978A00D12D95 /* Release */ = {
			isa = XCBuildConfiguration;
			buildSettings = {
				ALWAYS_SEARCH_USER_PATHS = NO;
				CLANG_ANALYZER_NONNULL = YES;
				CLANG_ANALYZER_NUMBER_OBJECT_CONVERSION = YES_AGGRESSIVE;
				CLANG_CXX_LANGUAGE_STANDARD = "gnu++14";
				CLANG_CXX_LIBRARY = "libc++";
				CLANG_ENABLE_MODULES = YES;
				CLANG_ENABLE_OBJC_ARC = YES;
				CLANG_ENABLE_OBJC_WEAK = YES;
				CLANG_WARN_BLOCK_CAPTURE_AUTORELEASING = YES;
				CLANG_WARN_BOOL_CONVERSION = YES;
				CLANG_WARN_COMMA = YES;
				CLANG_WARN_CONSTANT_CONVERSION = YES;
				CLANG_WARN_DEPRECATED_OBJC_IMPLEMENTATIONS = YES;
				CLANG_WARN_DIRECT_OBJC_ISA_USAGE = YES_ERROR;
				CLANG_WARN_DOCUMENTATION_COMMENTS = YES;
				CLANG_WARN_EMPTY_BODY = YES;
				CLANG_WARN_ENUM_CONVERSION = YES;
				CLANG_WARN_INFINITE_RECURSION = YES;
				CLANG_WARN_INT_CONVERSION = YES;
				CLANG_WARN_NON_LITERAL_NULL_CONVERSION = YES;
				CLANG_WARN_OBJC_IMPLICIT_RETAIN_SELF = YES;
				CLANG_WARN_OBJC_LITERAL_CONVERSION = YES;
				CLANG_WARN_OBJC_ROOT_CLASS = YES_ERROR;
				CLANG_WARN_RANGE_LOOP_ANALYSIS = YES;
				CLANG_WARN_STRICT_PROTOTYPES = YES;
				CLANG_WARN_SUSPICIOUS_MOVE = YES;
				CLANG_WARN_UNGUARDED_AVAILABILITY = YES_AGGRESSIVE;
				CLANG_WARN_UNREACHABLE_CODE = YES;
				CLANG_WARN__DUPLICATE_METHOD_MATCH = YES;
				CODE_SIGN_IDENTITY = "iPhone Developer";
				COPY_PHASE_STRIP = NO;
				DEBUG_INFORMATION_FORMAT = "dwarf-with-dsym";
				ENABLE_NS_ASSERTIONS = NO;
				ENABLE_STRICT_OBJC_MSGSEND = YES;
				GCC_C_LANGUAGE_STANDARD = gnu11;
				GCC_NO_COMMON_BLOCKS = YES;
				GCC_WARN_64_TO_32_BIT_CONVERSION = YES;
				GCC_WARN_ABOUT_RETURN_TYPE = YES_ERROR;
				GCC_WARN_UNDECLARED_SELECTOR = YES;
				GCC_WARN_UNINITIALIZED_AUTOS = YES_AGGRESSIVE;
				GCC_WARN_UNUSED_FUNCTION = YES;
				GCC_WARN_UNUSED_VARIABLE = YES;
				IPHONEOS_DEPLOYMENT_TARGET = 12.1;
				MTL_ENABLE_DEBUG_INFO = NO;
				MTL_FAST_MATH = YES;
				SDKROOT = iphoneos;
				SWIFT_COMPILATION_MODE = wholemodule;
				SWIFT_OPTIMIZATION_LEVEL = "-O";
				VALIDATE_PRODUCT = YES;
			};
			name = Release;
		};
		5455208521F4978A00D12D95 /* Debug */ = {
			isa = XCBuildConfiguration;
			buildSettings = {
				ASSETCATALOG_COMPILER_APPICON_NAME = AppIcon;
				CODE_SIGN_STYLE = Automatic;
				INFOPLIST_FILE = ExampleApplication/Info.plist;
				LD_RUNPATH_SEARCH_PATHS = (
					"$(inherited)",
					"@executable_path/Frameworks",
				);
				PRODUCT_BUNDLE_IDENTIFIER = net.justsitandgrin.ExampleApplication;
				PRODUCT_NAME = "$(TARGET_NAME)";
				SWIFT_VERSION = 4.2;
				TARGETED_DEVICE_FAMILY = "1,2";
			};
			name = Debug;
		};
		5455208621F4978A00D12D95 /* Release */ = {
			isa = XCBuildConfiguration;
			buildSettings = {
				ASSETCATALOG_COMPILER_APPICON_NAME = AppIcon;
				CODE_SIGN_STYLE = Automatic;
				INFOPLIST_FILE = ExampleApplication/Info.plist;
				LD_RUNPATH_SEARCH_PATHS = (
					"$(inherited)",
					"@executable_path/Frameworks",
				);
				PRODUCT_BUNDLE_IDENTIFIER = net.justsitandgrin.ExampleApplication;
				PRODUCT_NAME = "$(TARGET_NAME)";
				SWIFT_VERSION = 4.2;
				TARGETED_DEVICE_FAMILY = "1,2";
			};
			name = Release;
		};
/* End XCBuildConfiguration section */

/* Begin XCConfigurationList section */
		5455206D21F4978900D12D95 /* Build configuration list for PBXProject "ExampleApplication" */ = {
			isa = XCConfigurationList;
			buildConfigurations = (
				5455208221F4978A00D12D95 /* Debug */,
				5455208321F4978A00D12D95 /* Release */,
			);
			defaultConfigurationIsVisible = 0;
			defaultConfigurationName = Release;
		};
		5455208421F4978A00D12D95 /* Build configuration list for PBXNativeTarget "ExampleApplication" */ = {
			isa = XCConfigurationList;
			buildConfigurations = (
				5455208521F4978A00D12D95 /* Debug */,
				5455208621F4978A00D12D95 /* Release */,
			);
			defaultConfigurationIsVisible = 0;
			defaultConfigurationName = Release;
		};
/* End XCConfigurationList section */
	};
	rootObject = 5455206A21F4978900D12D95 /* Project object */;
}
